// !$*UTF8*$!
{
	archiveVersion = 1;
	classes = {
	};
	objectVersion = 46;
	objects = {

/* Begin PBXBuildFile section */
		037979FE1C8C597600DACF7A /* AppDelegate.swift in Sources */ = {isa = PBXBuildFile; fileRef = 037979FD1C8C597600DACF7A /* AppDelegate.swift */; };
		03797A001C8C597600DACF7A /* ViewController.swift in Sources */ = {isa = PBXBuildFile; fileRef = 037979FF1C8C597600DACF7A /* ViewController.swift */; };
		03797A031C8C597600DACF7A /* Main.storyboard in Resources */ = {isa = PBXBuildFile; fileRef = 03797A011C8C597600DACF7A /* Main.storyboard */; };
		03797A051C8C597600DACF7A /* Assets.xcassets in Resources */ = {isa = PBXBuildFile; fileRef = 03797A041C8C597600DACF7A /* Assets.xcassets */; };
		03797A081C8C597600DACF7A /* LaunchScreen.storyboard in Resources */ = {isa = PBXBuildFile; fileRef = 03797A061C8C597600DACF7A /* LaunchScreen.storyboard */; };
		03797A131C8C597600DACF7A /* SwipeGestureRecognizer1Tests.swift in Sources */ = {isa = PBXBuildFile; fileRef = 03797A121C8C597600DACF7A /* SwipeGestureRecognizer1Tests.swift */; };
		03797A1E1C8C597600DACF7A /* SwipeGestureRecognizer1UITests.swift in Sources */ = {isa = PBXBuildFile; fileRef = 03797A1D1C8C597600DACF7A /* SwipeGestureRecognizer1UITests.swift */; };
/* End PBXBuildFile section */

/* Begin PBXContainerItemProxy section */
		03797A0F1C8C597600DACF7A /* PBXContainerItemProxy */ = {
			isa = PBXContainerItemProxy;
			containerPortal = 037979F21C8C597600DACF7A /* Project object */;
			proxyType = 1;
			remoteGlobalIDString = 037979F91C8C597600DACF7A;
			remoteInfo = SwipeGestureRecognizer1;
		};
		03797A1A1C8C597600DACF7A /* PBXContainerItemProxy */ = {
			isa = PBXContainerItemProxy;
			containerPortal = 037979F21C8C597600DACF7A /* Project object */;
			proxyType = 1;
			remoteGlobalIDString = 037979F91C8C597600DACF7A;
			remoteInfo = SwipeGestureRecognizer1;
		};
/* End PBXContainerItemProxy section */

/* Begin PBXFileReference section */
		037979FA1C8C597600DACF7A /* SwipeGestureRecognizer1.app */ = {isa = PBXFileReference; explicitFileType = wrapper.application; includeInIndex = 0; path = SwipeGestureRecognizer1.app; sourceTree = BUILT_PRODUCTS_DIR; };
		037979FD1C8C597600DACF7A /* AppDelegate.swift */ = {isa = PBXFileReference; lastKnownFileType = sourcecode.swift; path = AppDelegate.swift; sourceTree = "<group>"; };
		037979FF1C8C597600DACF7A /* ViewController.swift */ = {isa = PBXFileReference; lastKnownFileType = sourcecode.swift; path = ViewController.swift; sourceTree = "<group>"; };
		03797A021C8C597600DACF7A /* Base */ = {isa = PBXFileReference; lastKnownFileType = file.storyboard; name = Base; path = Base.lproj/Main.storyboard; sourceTree = "<group>"; };
		03797A041C8C597600DACF7A /* Assets.xcassets */ = {isa = PBXFileReference; lastKnownFileType = folder.assetcatalog; path = Assets.xcassets; sourceTree = "<group>"; };
		03797A071C8C597600DACF7A /* Base */ = {isa = PBXFileReference; lastKnownFileType = file.storyboard; name = Base; path = Base.lproj/LaunchScreen.storyboard; sourceTree = "<group>"; };
		03797A091C8C597600DACF7A /* Info.plist */ = {isa = PBXFileReference; lastKnownFileType = text.plist.xml; path = Info.plist; sourceTree = "<group>"; };
		03797A0E1C8C597600DACF7A /* SwipeGestureRecognizer1Tests.xctest */ = {isa = PBXFileReference; explicitFileType = wrapper.cfbundle; includeInIndex = 0; path = SwipeGestureRecognizer1Tests.xctest; sourceTree = BUILT_PRODUCTS_DIR; };
		03797A121C8C597600DACF7A /* SwipeGestureRecognizer1Tests.swift */ = {isa = PBXFileReference; lastKnownFileType = sourcecode.swift; path = SwipeGestureRecognizer1Tests.swift; sourceTree = "<group>"; };
		03797A141C8C597600DACF7A /* Info.plist */ = {isa = PBXFileReference; lastKnownFileType = text.plist.xml; path = Info.plist; sourceTree = "<group>"; };
		03797A191C8C597600DACF7A /* SwipeGestureRecognizer1UITests.xctest */ = {isa = PBXFileReference; explicitFileType = wrapper.cfbundle; includeInIndex = 0; path = SwipeGestureRecognizer1UITests.xctest; sourceTree = BUILT_PRODUCTS_DIR; };
		03797A1D1C8C597600DACF7A /* SwipeGestureRecognizer1UITests.swift */ = {isa = PBXFileReference; lastKnownFileType = sourcecode.swift; path = SwipeGestureRecognizer1UITests.swift; sourceTree = "<group>"; };
		03797A1F1C8C597600DACF7A /* Info.plist */ = {isa = PBXFileReference; lastKnownFileType = text.plist.xml; path = Info.plist; sourceTree = "<group>"; };
/* End PBXFileReference section */

/* Begin PBXFrameworksBuildPhase section */
		037979F71C8C597600DACF7A /* Frameworks */ = {
			isa = PBXFrameworksBuildPhase;
			buildActionMask = 2147483647;
			files = (
			);
			runOnlyForDeploymentPostprocessing = 0;
		};
		03797A0B1C8C597600DACF7A /* Frameworks */ = {
			isa = PBXFrameworksBuildPhase;
			buildActionMask = 2147483647;
			files = (
			);
			runOnlyForDeploymentPostprocessing = 0;
		};
		03797A161C8C597600DACF7A /* Frameworks */ = {
			isa = PBXFrameworksBuildPhase;
			buildActionMask = 2147483647;
			files = (
			);
			runOnlyForDeploymentPostprocessing = 0;
		};
/* End PBXFrameworksBuildPhase section */

/* Begin PBXGroup section */
		037979F11C8C597600DACF7A = {
			isa = PBXGroup;
			children = (
				037979FC1C8C597600DACF7A /* SwipeGestureRecognizer1 */,
				03797A111C8C597600DACF7A /* SwipeGestureRecognizer1Tests */,
				03797A1C1C8C597600DACF7A /* SwipeGestureRecognizer1UITests */,
				037979FB1C8C597600DACF7A /* Products */,
			);
			sourceTree = "<group>";
		};
		037979FB1C8C597600DACF7A /* Products */ = {
			isa = PBXGroup;
			children = (
				037979FA1C8C597600DACF7A /* SwipeGestureRecognizer1.app */,
				03797A0E1C8C597600DACF7A /* SwipeGestureRecognizer1Tests.xctest */,
				03797A191C8C597600DACF7A /* SwipeGestureRecognizer1UITests.xctest */,
			);
			name = Products;
			sourceTree = "<group>";
		};
		037979FC1C8C597600DACF7A /* SwipeGestureRecognizer1 */ = {
			isa = PBXGroup;
			children = (
				037979FD1C8C597600DACF7A /* AppDelegate.swift */,
				037979FF1C8C597600DACF7A /* ViewController.swift */,
				03797A011C8C597600DACF7A /* Main.storyboard */,
				03797A041C8C597600DACF7A /* Assets.xcassets */,
				03797A061C8C597600DACF7A /* LaunchScreen.storyboard */,
				03797A091C8C597600DACF7A /* Info.plist */,
			);
			path = SwipeGestureRecognizer1;
			sourceTree = "<group>";
		};
		03797A111C8C597600DACF7A /* SwipeGestureRecognizer1Tests */ = {
			isa = PBXGroup;
			children = (
				03797A121C8C597600DACF7A /* SwipeGestureRecognizer1Tests.swift */,
				03797A141C8C597600DACF7A /* Info.plist */,
			);
			path = SwipeGestureRecognizer1Tests;
			sourceTree = "<group>";
		};
		03797A1C1C8C597600DACF7A /* SwipeGestureRecognizer1UITests */ = {
			isa = PBXGroup;
			children = (
				03797A1D1C8C597600DACF7A /* SwipeGestureRecognizer1UITests.swift */,
				03797A1F1C8C597600DACF7A /* Info.plist */,
			);
			path = SwipeGestureRecognizer1UITests;
			sourceTree = "<group>";
		};
/* End PBXGroup section */

/* Begin PBXNativeTarget section */
		037979F91C8C597600DACF7A /* SwipeGestureRecognizer1 */ = {
			isa = PBXNativeTarget;
			buildConfigurationList = 03797A221C8C597600DACF7A /* Build configuration list for PBXNativeTarget "SwipeGestureRecognizer1" */;
			buildPhases = (
				037979F61C8C597600DACF7A /* Sources */,
				037979F71C8C597600DACF7A /* Frameworks */,
				037979F81C8C597600DACF7A /* Resources */,
			);
			buildRules = (
			);
			dependencies = (
			);
			name = SwipeGestureRecognizer1;
			productName = SwipeGestureRecognizer1;
			productReference = 037979FA1C8C597600DACF7A /* SwipeGestureRecognizer1.app */;
			productType = "com.apple.product-type.application";
		};
		03797A0D1C8C597600DACF7A /* SwipeGestureRecognizer1Tests */ = {
			isa = PBXNativeTarget;
			buildConfigurationList = 03797A251C8C597600DACF7A /* Build configuration list for PBXNativeTarget "SwipeGestureRecognizer1Tests" */;
			buildPhases = (
				03797A0A1C8C597600DACF7A /* Sources */,
				03797A0B1C8C597600DACF7A /* Frameworks */,
				03797A0C1C8C597600DACF7A /* Resources */,
			);
			buildRules = (
			);
			dependencies = (
				03797A101C8C597600DACF7A /* PBXTargetDependency */,
			);
			name = SwipeGestureRecognizer1Tests;
			productName = SwipeGestureRecognizer1Tests;
			productReference = 03797A0E1C8C597600DACF7A /* SwipeGestureRecognizer1Tests.xctest */;
			productType = "com.apple.product-type.bundle.unit-test";
		};
		03797A181C8C597600DACF7A /* SwipeGestureRecognizer1UITests */ = {
			isa = PBXNativeTarget;
			buildConfigurationList = 03797A281C8C597600DACF7A /* Build configuration list for PBXNativeTarget "SwipeGestureRecognizer1UITests" */;
			buildPhases = (
				03797A151C8C597600DACF7A /* Sources */,
				03797A161C8C597600DACF7A /* Frameworks */,
				03797A171C8C597600DACF7A /* Resources */,
			);
			buildRules = (
			);
			dependencies = (
				03797A1B1C8C597600DACF7A /* PBXTargetDependency */,
			);
			name = SwipeGestureRecognizer1UITests;
			productName = SwipeGestureRecognizer1UITests;
			productReference = 03797A191C8C597600DACF7A /* SwipeGestureRecognizer1UITests.xctest */;
			productType = "com.apple.product-type.bundle.ui-testing";
		};
/* End PBXNativeTarget section */

/* Begin PBXProject section */
		037979F21C8C597600DACF7A /* Project object */ = {
			isa = PBXProject;
			attributes = {
				LastSwiftUpdateCheck = 0720;
				LastUpgradeCheck = 0720;
				ORGANIZATIONNAME = "Lee Janghyup";
				TargetAttributes = {
					037979F91C8C597600DACF7A = {
						CreatedOnToolsVersion = 7.2.1;
					};
					03797A0D1C8C597600DACF7A = {
						CreatedOnToolsVersion = 7.2.1;
						TestTargetID = 037979F91C8C597600DACF7A;
					};
					03797A181C8C597600DACF7A = {
						CreatedOnToolsVersion = 7.2.1;
						TestTargetID = 037979F91C8C597600DACF7A;
					};
				};
			};
			buildConfigurationList = 037979F51C8C597600DACF7A /* Build configuration list for PBXProject "SwipeGestureRecognizer1" */;
			compatibilityVersion = "Xcode 3.2";
			developmentRegion = English;
			hasScannedForEncodings = 0;
			knownRegions = (
				en,
				Base,
			);
			mainGroup = 037979F11C8C597600DACF7A;
			productRefGroup = 037979FB1C8C597600DACF7A /* Products */;
			projectDirPath = "";
			projectRoot = "";
			targets = (
				037979F91C8C597600DACF7A /* SwipeGestureRecognizer1 */,
				03797A0D1C8C597600DACF7A /* SwipeGestureRecognizer1Tests */,
				03797A181C8C597600DACF7A /* SwipeGestureRecognizer1UITests */,
			);
		};
/* End PBXProject section */

/* Begin PBXResourcesBuildPhase section */
		037979F81C8C597600DACF7A /* Resources */ = {
			isa = PBXResourcesBuildPhase;
			buildActionMask = 2147483647;
			files = (
				03797A081C8C597600DACF7A /* LaunchScreen.storyboard in Resources */,
				03797A051C8C597600DACF7A /* Assets.xcassets in Resources */,
				03797A031C8C597600DACF7A /* Main.storyboard in Resources */,
			);
			runOnlyForDeploymentPostprocessing = 0;
		};
		03797A0C1C8C597600DACF7A /* Resources */ = {
			isa = PBXResourcesBuildPhase;
			buildActionMask = 2147483647;
			files = (
			);
			runOnlyForDeploymentPostprocessing = 0;
		};
		03797A171C8C597600DACF7A /* Resources */ = {
			isa = PBXResourcesBuildPhase;
			buildActionMask = 2147483647;
			files = (
			);
			runOnlyForDeploymentPostprocessing = 0;
		};
/* End PBXResourcesBuildPhase section */

/* Begin PBXSourcesBuildPhase section */
		037979F61C8C597600DACF7A /* Sources */ = {
			isa = PBXSourcesBuildPhase;
			buildActionMask = 2147483647;
			files = (
				03797A001C8C597600DACF7A /* ViewController.swift in Sources */,
				037979FE1C8C597600DACF7A /* AppDelegate.swift in Sources */,
			);
			runOnlyForDeploymentPostprocessing = 0;
		};
		03797A0A1C8C597600DACF7A /* Sources */ = {
			isa = PBXSourcesBuildPhase;
			buildActionMask = 2147483647;
			files = (
				03797A131C8C597600DACF7A /* SwipeGestureRecognizer1Tests.swift in Sources */,
			);
			runOnlyForDeploymentPostprocessing = 0;
		};
		03797A151C8C597600DACF7A /* Sources */ = {
			isa = PBXSourcesBuildPhase;
			buildActionMask = 2147483647;
			files = (
				03797A1E1C8C597600DACF7A /* SwipeGestureRecognizer1UITests.swift in Sources */,
			);
			runOnlyForDeploymentPostprocessing = 0;
		};
/* End PBXSourcesBuildPhase section */

/* Begin PBXTargetDependency section */
		03797A101C8C597600DACF7A /* PBXTargetDependency */ = {
			isa = PBXTargetDependency;
			target = 037979F91C8C597600DACF7A /* SwipeGestureRecognizer1 */;
			targetProxy = 03797A0F1C8C597600DACF7A /* PBXContainerItemProxy */;
		};
		03797A1B1C8C597600DACF7A /* PBXTargetDependency */ = {
			isa = PBXTargetDependency;
			target = 037979F91C8C597600DACF7A /* SwipeGestureRecognizer1 */;
			targetProxy = 03797A1A1C8C597600DACF7A /* PBXContainerItemProxy */;
		};
/* End PBXTargetDependency section */

/* Begin PBXVariantGroup section */
		03797A011C8C597600DACF7A /* Main.storyboard */ = {
			isa = PBXVariantGroup;
			children = (
				03797A021C8C597600DACF7A /* Base */,
			);
			name = Main.storyboard;
			sourceTree = "<group>";
		};
		03797A061C8C597600DACF7A /* LaunchScreen.storyboard */ = {
			isa = PBXVariantGroup;
			children = (
				03797A071C8C597600DACF7A /* Base */,
			);
			name = LaunchScreen.storyboard;
			sourceTree = "<group>";
		};
/* End PBXVariantGroup section */

/* Begin XCBuildConfiguration section */
		03797A201C8C597600DACF7A /* Debug */ = {
			isa = XCBuildConfiguration;
			buildSettings = {
				ALWAYS_SEARCH_USER_PATHS = NO;
				CLANG_CXX_LANGUAGE_STANDARD = "gnu++0x";
				CLANG_CXX_LIBRARY = "libc++";
				CLANG_ENABLE_MODULES = YES;
				CLANG_ENABLE_OBJC_ARC = YES;
				CLANG_WARN_BOOL_CONVERSION = YES;
				CLANG_WARN_CONSTANT_CONVERSION = YES;
				CLANG_WARN_DIRECT_OBJC_ISA_USAGE = YES_ERROR;
				CLANG_WARN_EMPTY_BODY = YES;
				CLANG_WARN_ENUM_CONVERSION = YES;
				CLANG_WARN_INT_CONVERSION = YES;
				CLANG_WARN_OBJC_ROOT_CLASS = YES_ERROR;
				CLANG_WARN_UNREACHABLE_CODE = YES;
				CLANG_WARN__DUPLICATE_METHOD_MATCH = YES;
				"CODE_SIGN_IDENTITY[sdk=iphoneos*]" = "iPhone Developer";
				COPY_PHASE_STRIP = NO;
				DEBUG_INFORMATION_FORMAT = dwarf;
				ENABLE_STRICT_OBJC_MSGSEND = YES;
				ENABLE_TESTABILITY = YES;
				GCC_C_LANGUAGE_STANDARD = gnu99;
				GCC_DYNAMIC_NO_PIC = NO;
				GCC_NO_COMMON_BLOCKS = YES;
				GCC_OPTIMIZATION_LEVEL = 0;
				GCC_PREPROCESSOR_DEFINITIONS = (
					"DEBUG=1",
					"$(inherited)",
				);
				GCC_WARN_64_TO_32_BIT_CONVERSION = YES;
				GCC_WARN_ABOUT_RETURN_TYPE = YES_ERROR;
				GCC_WARN_UNDECLARED_SELECTOR = YES;
				GCC_WARN_UNINITIALIZED_AUTOS = YES_AGGRESSIVE;
				GCC_WARN_UNUSED_FUNCTION = YES;
				GCC_WARN_UNUSED_VARIABLE = YES;
				IPHONEOS_DEPLOYMENT_TARGET = 9.2;
				MTL_ENABLE_DEBUG_INFO = YES;
				ONLY_ACTIVE_ARCH = YES;
				SDKROOT = iphoneos;
				SWIFT_OPTIMIZATION_LEVEL = "-Onone";
			};
			name = Debug;
		};
		03797A211C8C597600DACF7A /* Release */ = {
			isa = XCBuildConfiguration;
			buildSettings = {
				ALWAYS_SEARCH_USER_PATHS = NO;
				CLANG_CXX_LANGUAGE_STANDARD = "gnu++0x";
				CLANG_CXX_LIBRARY = "libc++";
				CLANG_ENABLE_MODULES = YES;
				CLANG_ENABLE_OBJC_ARC = YES;
				CLANG_WARN_BOOL_CONVERSION = YES;
				CLANG_WARN_CONSTANT_CONVERSION = YES;
				CLANG_WARN_DIRECT_OBJC_ISA_USAGE = YES_ERROR;
				CLANG_WARN_EMPTY_BODY = YES;
				CLANG_WARN_ENUM_CONVERSION = YES;
				CLANG_WARN_INT_CONVERSION = YES;
				CLANG_WARN_OBJC_ROOT_CLASS = YES_ERROR;
				CLANG_WARN_UNREACHABLE_CODE = YES;
				CLANG_WARN__DUPLICATE_METHOD_MATCH = YES;
				"CODE_SIGN_IDENTITY[sdk=iphoneos*]" = "iPhone Developer";
				COPY_PHASE_STRIP = NO;
				DEBUG_INFORMATION_FORMAT = "dwarf-with-dsym";
				ENABLE_NS_ASSERTIONS = NO;
				ENABLE_STRICT_OBJC_MSGSEND = YES;
				GCC_C_LANGUAGE_STANDARD = gnu99;
				GCC_NO_COMMON_BLOCKS = YES;
				GCC_WARN_64_TO_32_BIT_CONVERSION = YES;
				GCC_WARN_ABOUT_RETURN_TYPE = YES_ERROR;
				GCC_WARN_UNDECLARED_SELECTOR = YES;
				GCC_WARN_UNINITIALIZED_AUTOS = YES_AGGRESSIVE;
				GCC_WARN_UNUSED_FUNCTION = YES;
				GCC_WARN_UNUSED_VARIABLE = YES;
				IPHONEOS_DEPLOYMENT_TARGET = 9.2;
				MTL_ENABLE_DEBUG_INFO = NO;
				SDKROOT = iphoneos;
				VALIDATE_PRODUCT = YES;
			};
			name = Release;
		};
		03797A231C8C597600DACF7A /* Debug */ = {
			isa = XCBuildConfiguration;
			buildSettings = {
				ASSETCATALOG_COMPILER_APPICON_NAME = AppIcon;
				INFOPLIST_FILE = SwipeGestureRecognizer1/Info.plist;
				LD_RUNPATH_SEARCH_PATHS = "$(inherited) @executable_path/Frameworks";
				PRODUCT_BUNDLE_IDENTIFIER = co.bany.SwipeGestureRecognizer1;
				PRODUCT_NAME = "$(TARGET_NAME)";
			};
			name = Debug;
		};
		03797A241C8C597600DACF7A /* Release */ = {
			isa = XCBuildConfiguration;
			buildSettings = {
				ASSETCATALOG_COMPILER_APPICON_NAME = AppIcon;
				INFOPLIST_FILE = SwipeGestureRecognizer1/Info.plist;
				LD_RUNPATH_SEARCH_PATHS = "$(inherited) @executable_path/Frameworks";
				PRODUCT_BUNDLE_IDENTIFIER = co.bany.SwipeGestureRecognizer1;
				PRODUCT_NAME = "$(TARGET_NAME)";
			};
			name = Release;
		};
		03797A261C8C597600DACF7A /* Debug */ = {
			isa = XCBuildConfiguration;
			buildSettings = {
				BUNDLE_LOADER = "$(TEST_HOST)";
				INFOPLIST_FILE = SwipeGestureRecognizer1Tests/Info.plist;
				LD_RUNPATH_SEARCH_PATHS = "$(inherited) @executable_path/Frameworks @loader_path/Frameworks";
				PRODUCT_BUNDLE_IDENTIFIER = co.bany.SwipeGestureRecognizer1Tests;
				PRODUCT_NAME = "$(TARGET_NAME)";
				TEST_HOST = "$(BUILT_PRODUCTS_DIR)/SwipeGestureRecognizer1.app/SwipeGestureRecognizer1";
			};
			name = Debug;
		};
		03797A271C8C597600DACF7A /* Release */ = {
			isa = XCBuildConfiguration;
			buildSettings = {
				BUNDLE_LOADER = "$(TEST_HOST)";
				INFOPLIST_FILE = SwipeGestureRecognizer1Tests/Info.plist;
				LD_RUNPATH_SEARCH_PATHS = "$(inherited) @executable_path/Frameworks @loader_path/Frameworks";
				PRODUCT_BUNDLE_IDENTIFIER = co.bany.SwipeGestureRecognizer1Tests;
				PRODUCT_NAME = "$(TARGET_NAME)";
				TEST_HOST = "$(BUILT_PRODUCTS_DIR)/SwipeGestureRecognizer1.app/SwipeGestureRecognizer1";
			};
			name = Release;
		};
		03797A291C8C597600DACF7A /* Debug */ = {
			isa = XCBuildConfiguration;
			buildSettings = {
				INFOPLIST_FILE = SwipeGestureRecognizer1UITests/Info.plist;
				LD_RUNPATH_SEARCH_PATHS = "$(inherited) @executable_path/Frameworks @loader_path/Frameworks";
				PRODUCT_BUNDLE_IDENTIFIER = co.bany.SwipeGestureRecognizer1UITests;
				PRODUCT_NAME = "$(TARGET_NAME)";
				TEST_TARGET_NAME = SwipeGestureRecognizer1;
				USES_XCTRUNNER = YES;
			};
			name = Debug;
		};
		03797A2A1C8C597600DACF7A /* Release */ = {
			isa = XCBuildConfiguration;
			buildSettings = {
				INFOPLIST_FILE = SwipeGestureRecognizer1UITests/Info.plist;
				LD_RUNPATH_SEARCH_PATHS = "$(inherited) @executable_path/Frameworks @loader_path/Frameworks";
				PRODUCT_BUNDLE_IDENTIFIER = co.bany.SwipeGestureRecognizer1UITests;
				PRODUCT_NAME = "$(TARGET_NAME)";
				TEST_TARGET_NAME = SwipeGestureRecognizer1;
				USES_XCTRUNNER = YES;
			};
			name = Release;
		};
/* End XCBuildConfiguration section */

/* Begin XCConfigurationList section */
		037979F51C8C597600DACF7A /* Build configuration list for PBXProject "SwipeGestureRecognizer1" */ = {
			isa = XCConfigurationList;
			buildConfigurations = (
				03797A201C8C597600DACF7A /* Debug */,
				03797A211C8C597600DACF7A /* Release */,
			);
			defaultConfigurationIsVisible = 0;
			defaultConfigurationName = Release;
		};
		03797A221C8C597600DACF7A /* Build configuration list for PBXNativeTarget "SwipeGestureRecognizer1" */ = {
			isa = XCConfigurationList;
			buildConfigurations = (
				03797A231C8C597600DACF7A /* Debug */,
				03797A241C8C597600DACF7A /* Release */,
			);
			defaultConfigurationIsVisible = 0;
		};
		03797A251C8C597600DACF7A /* Build configuration list for PBXNativeTarget "SwipeGestureRecognizer1Tests" */ = {
			isa = XCConfigurationList;
			buildConfigurations = (
				03797A261C8C597600DACF7A /* Debug */,
				03797A271C8C597600DACF7A /* Release */,
			);
			defaultConfigurationIsVisible = 0;
		};
		03797A281C8C597600DACF7A /* Build configuration list for PBXNativeTarget "SwipeGestureRecognizer1UITests" */ = {
			isa = XCConfigurationList;
			buildConfigurations = (
				03797A291C8C597600DACF7A /* Debug */,
				03797A2A1C8C597600DACF7A /* Release */,
			);
			defaultConfigurationIsVisible = 0;
		};
/* End XCConfigurationList section */
	};
	rootObject = 037979F21C8C597600DACF7A /* Project object */;
}
